
Microsoft Visual Studio Solution File, Format Version 12.00
# Visual Studio Version 17
VisualStudioVersion = 17.3.32819.101
MinimumVisualStudioVersion = 10.0.40219.1
Project("{FAE04EC0-301F-11D3-BF4B-00C04F79EFBC}") = "OnlineShop", "OnlineShop\OnlineShop.csproj", "{44A95383-C0A7-4798-A6AE-467165BE82F4}"
EndProject
Project("{FAE04EC0-301F-11D3-BF4B-00C04F79EFBC}") = "DAL", "DAL\DAL.csproj", "{184873CB-5E61-49B0-AD5D-DF5E2114C107}"
EndProject
Project("{FAE04EC0-301F-11D3-BF4B-00C04F79EFBC}") = "BL", "BL\BL.csproj", "{0DCDF693-C6E2-4A88-9A40-07D580D23B78}"
EndProject
Global
	GlobalSection(SolutionConfigurationPlatforms) = preSolution
		Debug|Any CPU = Debug|Any CPU
		Release|Any CPU = Release|Any CPU
	EndGlobalSection
	GlobalSection(ProjectConfigurationPlatforms) = postSolution
		{44A95383-C0A7-4798-A6AE-467165BE82F4}.Debug|Any CPU.ActiveCfg = Debug|Any CPU
		{44A95383-C0A7-4798-A6AE-467165BE82F4}.Debug|Any CPU.Build.0 = Debug|Any CPU
		{44A95383-C0A7-4798-A6AE-467165BE82F4}.Release|Any CPU.ActiveCfg = Release|Any CPU
		{44A95383-C0A7-4798-A6AE-467165BE82F4}.Release|Any CPU.Build.0 = Release|Any CPU
		{184873CB-5E61-49B0-AD5D-DF5E2114C107}.Debug|Any CPU.ActiveCfg = Debug|Any CPU
		{184873CB-5E61-49B0-AD5D-DF5E2114C107}.Debug|Any CPU.Build.0 = Debug|Any CPU
		{184873CB-5E61-49B0-AD5D-DF5E2114C107}.Release|Any CPU.ActiveCfg = Release|Any CPU
		{184873CB-5E61-49B0-AD5D-DF5E2114C107}.Release|Any CPU.Build.0 = Release|Any CPU
		{0DCDF693-C6E2-4A88-9A40-07D580D23B78}.Debug|Any CPU.ActiveCfg = Debug|Any CPU
		{0DCDF693-C6E2-4A88-9A40-07D580D23B78}.Debug|Any CPU.Build.0 = Debug|Any CPU
		{0DCDF693-C6E2-4A88-9A40-07D580D23B78}.Release|Any CPU.ActiveCfg = Release|Any CPU
		{0DCDF693-C6E2-4A88-9A40-07D580D23B78}.Release|Any CPU.Build.0 = Release|Any CPU
	EndGlobalSection
	GlobalSection(SolutionProperties) = preSolution
		HideSolutionNode = FALSE
	EndGlobalSection
	GlobalSection(ExtensibilityGlobals) = postSolution
		SolutionGuid = {A202E123-0A26-4033-A20F-3A77CD8CF602}
	EndGlobalSection
EndGlobal
